
Microsoft Visual Studio Solution File, Format Version 12.00
# Visual Studio Version 16
VisualStudioVersion = 16.0.31410.357
MinimumVisualStudioVersion = 10.0.40219.1
Project("{FAE04EC0-301F-11D3-BF4B-00C04F79EFBC}") = "CAXMLDocumentation", "CAXMLDocumentation\CAXMLDocumentation.csproj", "{FDAD785D-E952-4876-A63D-567F97006728}"
EndProject
Global
	GlobalSection(SolutionConfigurationPlatforms) = preSolution
		Debug|Any CPU = Debug|Any CPU
		Release|Any CPU = Release|Any CPU
	EndGlobalSection
	GlobalSection(ProjectConfigurationPlatforms) = postSolution
		{FDAD785D-E952-4876-A63D-567F97006728}.Debug|Any CPU.ActiveCfg = Debug|Any CPU
		{FDAD785D-E952-4876-A63D-567F97006728}.Debug|Any CPU.Build.0 = Debug|Any CPU
		{FDAD785D-E952-4876-A63D-567F97006728}.Release|Any CPU.ActiveCfg = Release|Any CPU
		{FDAD785D-E952-4876-A63D-567F97006728}.Release|Any CPU.Build.0 = Release|Any CPU
	EndGlobalSection
	GlobalSection(SolutionProperties) = preSolution
		HideSolutionNode = FALSE
	EndGlobalSection
	GlobalSection(ExtensibilityGlobals) = postSolution
		SolutionGuid = {F22285EC-2541-4F0C-B099-749998605E70}
	EndGlobalSection
EndGlobal
